// !$*UTF8*$!
{
	archiveVersion = 1;
	classes = {
	};
	objectVersion = 55;
	objects = {

/* Begin PBXBuildFile section */
		801BD5782789AD01008AF68E /* BottomTablePanelView.swift in Sources */ = {isa = PBXBuildFile; fileRef = 801BD5772789AD01008AF68E /* BottomTablePanelView.swift */; };
		801BD57A2789AD9A008AF68E /* MiddleHeaderPanelView.swift in Sources */ = {isa = PBXBuildFile; fileRef = 801BD5792789AD9A008AF68E /* MiddleHeaderPanelView.swift */; };
		801BD57C2789ADD0008AF68E /* TopImagePanelView.swift in Sources */ = {isa = PBXBuildFile; fileRef = 801BD57B2789ADD0008AF68E /* TopImagePanelView.swift */; };
		801BD5842789C3EC008AF68E /* PseudoMVC.swift in Sources */ = {isa = PBXBuildFile; fileRef = 801BD5832789C3EB008AF68E /* PseudoMVC.swift */; };
		801BD5872789FFD1008AF68E /* Controller.swift in Sources */ = {isa = PBXBuildFile; fileRef = 801BD5862789FFD0008AF68E /* Controller.swift */; };
		80367AE22788E6D30092AE27 /* ClassForAllDevicesApp.swift in Sources */ = {isa = PBXBuildFile; fileRef = 80367AE12788E6D30092AE27 /* ClassForAllDevicesApp.swift */; };
		80367AE42788E6D30092AE27 /* MainView.swift in Sources */ = {isa = PBXBuildFile; fileRef = 80367AE32788E6D30092AE27 /* MainView.swift */; };
		80367AE62788E6D70092AE27 /* Assets.xcassets in Resources */ = {isa = PBXBuildFile; fileRef = 80367AE52788E6D70092AE27 /* Assets.xcassets */; };
		80367AE92788E6D70092AE27 /* Preview Assets.xcassets in Resources */ = {isa = PBXBuildFile; fileRef = 80367AE82788E6D70092AE27 /* Preview Assets.xcassets */; };
		8060E9752788FB1300E2ABEF /* ColorExtension.swift in Sources */ = {isa = PBXBuildFile; fileRef = 8060E9742788FB1300E2ABEF /* ColorExtension.swift */; };
		8060E9782788FBDB00E2ABEF /* DeviceModelStore.swift in Sources */ = {isa = PBXBuildFile; fileRef = 8060E9772788FBDB00E2ABEF /* DeviceModelStore.swift */; };
/* End PBXBuildFile section */

/* Begin PBXFileReference section */
		801BD5772789AD01008AF68E /* BottomTablePanelView.swift */ = {isa = PBXFileReference; lastKnownFileType = sourcecode.swift; path = BottomTablePanelView.swift; sourceTree = "<group>"; };
		801BD5792789AD9A008AF68E /* MiddleHeaderPanelView.swift */ = {isa = PBXFileReference; lastKnownFileType = sourcecode.swift; path = MiddleHeaderPanelView.swift; sourceTree = "<group>"; };
		801BD57B2789ADD0008AF68E /* TopImagePanelView.swift */ = {isa = PBXFileReference; lastKnownFileType = sourcecode.swift; path = TopImagePanelView.swift; sourceTree = "<group>"; };
		801BD5832789C3EB008AF68E /* PseudoMVC.swift */ = {isa = PBXFileReference; lastKnownFileType = sourcecode.swift; path = PseudoMVC.swift; sourceTree = "<group>"; };
		801BD5862789FFD0008AF68E /* Controller.swift */ = {isa = PBXFileReference; lastKnownFileType = sourcecode.swift; path = Controller.swift; sourceTree = "<group>"; };
		80367ADE2788E6D30092AE27 /* ClassForAllDevices.app */ = {isa = PBXFileReference; explicitFileType = wrapper.application; includeInIndex = 0; path = ClassForAllDevices.app; sourceTree = BUILT_PRODUCTS_DIR; };
		80367AE12788E6D30092AE27 /* ClassForAllDevicesApp.swift */ = {isa = PBXFileReference; lastKnownFileType = sourcecode.swift; path = ClassForAllDevicesApp.swift; sourceTree = "<group>"; };
		80367AE32788E6D30092AE27 /* MainView.swift */ = {isa = PBXFileReference; lastKnownFileType = sourcecode.swift; path = MainView.swift; sourceTree = "<group>"; };
		80367AE52788E6D70092AE27 /* Assets.xcassets */ = {isa = PBXFileReference; lastKnownFileType = folder.assetcatalog; path = Assets.xcassets; sourceTree = "<group>"; };
		80367AE82788E6D70092AE27 /* Preview Assets.xcassets */ = {isa = PBXFileReference; lastKnownFileType = folder.assetcatalog; path = "Preview Assets.xcassets"; sourceTree = "<group>"; };
		8060E9742788FB1300E2ABEF /* ColorExtension.swift */ = {isa = PBXFileReference; lastKnownFileType = sourcecode.swift; path = ColorExtension.swift; sourceTree = "<group>"; };
		8060E9772788FBDB00E2ABEF /* DeviceModelStore.swift */ = {isa = PBXFileReference; lastKnownFileType = sourcecode.swift; path = DeviceModelStore.swift; sourceTree = "<group>"; };
/* End PBXFileReference section */

/* Begin PBXFrameworksBuildPhase section */
		80367ADB2788E6D30092AE27 /* Frameworks */ = {
			isa = PBXFrameworksBuildPhase;
			buildActionMask = 2147483647;
			files = (
			);
			runOnlyForDeploymentPostprocessing = 0;
		};
/* End PBXFrameworksBuildPhase section */

/* Begin PBXGroup section */
		801BD5852789FFA5008AF68E /* Controller */ = {
			isa = PBXGroup;
			children = (
				801BD5862789FFD0008AF68E /* Controller.swift */,
			);
			path = Controller;
			sourceTree = "<group>";
		};
		80367AD52788E6D30092AE27 = {
			isa = PBXGroup;
			children = (
				80367AE02788E6D30092AE27 /* ClassForAllDevices */,
				80367ADF2788E6D30092AE27 /* Products */,
			);
			sourceTree = "<group>";
		};
		80367ADF2788E6D30092AE27 /* Products */ = {
			isa = PBXGroup;
			children = (
				80367ADE2788E6D30092AE27 /* ClassForAllDevices.app */,
			);
			name = Products;
			sourceTree = "<group>";
		};
		80367AE02788E6D30092AE27 /* ClassForAllDevices */ = {
			isa = PBXGroup;
			children = (
				80367AE12788E6D30092AE27 /* ClassForAllDevicesApp.swift */,
				8060E9762788FBC100E2ABEF /* Model */,
				801BD5852789FFA5008AF68E /* Controller */,
				80367AF12788EFEF0092AE27 /* View */,
				8060E9732788FAE500E2ABEF /* Extension */,
				80367AEF2788E7180092AE27 /* Resources */,
			);
			path = ClassForAllDevices;
			sourceTree = "<group>";
		};
		80367AE72788E6D70092AE27 /* Preview Content */ = {
			isa = PBXGroup;
			children = (
				80367AE82788E6D70092AE27 /* Preview Assets.xcassets */,
			);
			path = "Preview Content";
			sourceTree = "<group>";
		};
		80367AEF2788E7180092AE27 /* Resources */ = {
			isa = PBXGroup;
			children = (
				801BD5832789C3EB008AF68E /* PseudoMVC.swift */,
				80367AE52788E6D70092AE27 /* Assets.xcassets */,
				80367AE72788E6D70092AE27 /* Preview Content */,
			);
			path = Resources;
			sourceTree = "<group>";
		};
		80367AF12788EFEF0092AE27 /* View */ = {
			isa = PBXGroup;
			children = (
				80367AE32788E6D30092AE27 /* MainView.swift */,
				801BD57B2789ADD0008AF68E /* TopImagePanelView.swift */,
				801BD5792789AD9A008AF68E /* MiddleHeaderPanelView.swift */,
				801BD5772789AD01008AF68E /* BottomTablePanelView.swift */,
			);
			path = View;
			sourceTree = "<group>";
		};
		8060E9732788FAE500E2ABEF /* Extension */ = {
			isa = PBXGroup;
			children = (
				8060E9742788FB1300E2ABEF /* ColorExtension.swift */,
			);
			path = Extension;
			sourceTree = "<group>";
		};
		8060E9762788FBC100E2ABEF /* Model */ = {
			isa = PBXGroup;
			children = (
				8060E9772788FBDB00E2ABEF /* DeviceModelStore.swift */,
			);
			path = Model;
			sourceTree = "<group>";
		};
/* End PBXGroup section */

/* Begin PBXNativeTarget section */
		80367ADD2788E6D30092AE27 /* ClassForAllDevices */ = {
			isa = PBXNativeTarget;
			buildConfigurationList = 80367AEC2788E6D70092AE27 /* Build configuration list for PBXNativeTarget "ClassForAllDevices" */;
			buildPhases = (
				80367ADA2788E6D30092AE27 /* Sources */,
				80367ADB2788E6D30092AE27 /* Frameworks */,
				80367ADC2788E6D30092AE27 /* Resources */,
			);
			buildRules = (
			);
			dependencies = (
			);
			name = ClassForAllDevices;
			productName = ClassForAllDevices;
			productReference = 80367ADE2788E6D30092AE27 /* ClassForAllDevices.app */;
			productType = "com.apple.product-type.application";
		};
/* End PBXNativeTarget section */

/* Begin PBXProject section */
		80367AD62788E6D30092AE27 /* Project object */ = {
			isa = PBXProject;
			attributes = {
				BuildIndependentTargetsInParallel = 1;
				LastSwiftUpdateCheck = 1320;
				LastUpgradeCheck = 1320;
				TargetAttributes = {
					80367ADD2788E6D30092AE27 = {
						CreatedOnToolsVersion = 13.2.1;
					};
				};
			};
			buildConfigurationList = 80367AD92788E6D30092AE27 /* Build configuration list for PBXProject "ClassForAllDevices" */;
			compatibilityVersion = "Xcode 13.0";
			developmentRegion = en;
			hasScannedForEncodings = 0;
			knownRegions = (
				en,
				Base,
			);
			mainGroup = 80367AD52788E6D30092AE27;
			productRefGroup = 80367ADF2788E6D30092AE27 /* Products */;
			projectDirPath = "";
			projectRoot = "";
			targets = (
				80367ADD2788E6D30092AE27 /* ClassForAllDevices */,
			);
		};
/* End PBXProject section */

/* Begin PBXResourcesBuildPhase section */
		80367ADC2788E6D30092AE27 /* Resources */ = {
			isa = PBXResourcesBuildPhase;
			buildActionMask = 2147483647;
			files = (
				80367AE92788E6D70092AE27 /* Preview Assets.xcassets in Resources */,
				80367AE62788E6D70092AE27 /* Assets.xcassets in Resources */,
			);
			runOnlyForDeploymentPostprocessing = 0;
		};
/* End PBXResourcesBuildPhase section */

/* Begin PBXSourcesBuildPhase section */
		80367ADA2788E6D30092AE27 /* Sources */ = {
			isa = PBXSourcesBuildPhase;
			buildActionMask = 2147483647;
			files = (
				801BD57C2789ADD0008AF68E /* TopImagePanelView.swift in Sources */,
				801BD57A2789AD9A008AF68E /* MiddleHeaderPanelView.swift in Sources */,
				801BD5842789C3EC008AF68E /* PseudoMVC.swift in Sources */,
				8060E9752788FB1300E2ABEF /* ColorExtension.swift in Sources */,
				80367AE42788E6D30092AE27 /* MainView.swift in Sources */,
				8060E9782788FBDB00E2ABEF /* DeviceModelStore.swift in Sources */,
				801BD5872789FFD1008AF68E /* Controller.swift in Sources */,
				801BD5782789AD01008AF68E /* BottomTablePanelView.swift in Sources */,
				80367AE22788E6D30092AE27 /* ClassForAllDevicesApp.swift in Sources */,
			);
			runOnlyForDeploymentPostprocessing = 0;
		};
/* End PBXSourcesBuildPhase section */

/* Begin XCBuildConfiguration section */
		80367AEA2788E6D70092AE27 /* Debug */ = {
			isa = XCBuildConfiguration;
			buildSettings = {
				ALWAYS_SEARCH_USER_PATHS = NO;
				CLANG_ANALYZER_NONNULL = YES;
				CLANG_ANALYZER_NUMBER_OBJECT_CONVERSION = YES_AGGRESSIVE;
				CLANG_CXX_LANGUAGE_STANDARD = "gnu++17";
				CLANG_CXX_LIBRARY = "libc++";
				CLANG_ENABLE_MODULES = YES;
				CLANG_ENABLE_OBJC_ARC = YES;
				CLANG_ENABLE_OBJC_WEAK = YES;
				CLANG_WARN_BLOCK_CAPTURE_AUTORELEASING = YES;
				CLANG_WARN_BOOL_CONVERSION = YES;
				CLANG_WARN_COMMA = YES;
				CLANG_WARN_CONSTANT_CONVERSION = YES;
				CLANG_WARN_DEPRECATED_OBJC_IMPLEMENTATIONS = YES;
				CLANG_WARN_DIRECT_OBJC_ISA_USAGE = YES_ERROR;
				CLANG_WARN_DOCUMENTATION_COMMENTS = YES;
				CLANG_WARN_EMPTY_BODY = YES;
				CLANG_WARN_ENUM_CONVERSION = YES;
				CLANG_WARN_INFINITE_RECURSION = YES;
				CLANG_WARN_INT_CONVERSION = YES;
				CLANG_WARN_NON_LITERAL_NULL_CONVERSION = YES;
				CLANG_WARN_OBJC_IMPLICIT_RETAIN_SELF = YES;
				CLANG_WARN_OBJC_LITERAL_CONVERSION = YES;
				CLANG_WARN_OBJC_ROOT_CLASS = YES_ERROR;
				CLANG_WARN_QUOTED_INCLUDE_IN_FRAMEWORK_HEADER = YES;
				CLANG_WARN_RANGE_LOOP_ANALYSIS = YES;
				CLANG_WARN_STRICT_PROTOTYPES = YES;
				CLANG_WARN_SUSPICIOUS_MOVE = YES;
				CLANG_WARN_UNGUARDED_AVAILABILITY = YES_AGGRESSIVE;
				CLANG_WARN_UNREACHABLE_CODE = YES;
				CLANG_WARN__DUPLICATE_METHOD_MATCH = YES;
				COPY_PHASE_STRIP = NO;
				DEBUG_INFORMATION_FORMAT = dwarf;
				ENABLE_STRICT_OBJC_MSGSEND = YES;
				ENABLE_TESTABILITY = YES;
				GCC_C_LANGUAGE_STANDARD = gnu11;
				GCC_DYNAMIC_NO_PIC = NO;
				GCC_NO_COMMON_BLOCKS = YES;
				GCC_OPTIMIZATION_LEVEL = 0;
				GCC_PREPROCESSOR_DEFINITIONS = (
					"DEBUG=1",
					"$(inherited)",
				);
				GCC_WARN_64_TO_32_BIT_CONVERSION = YES;
				GCC_WARN_ABOUT_RETURN_TYPE = YES_ERROR;
				GCC_WARN_UNDECLARED_SELECTOR = YES;
				GCC_WARN_UNINITIALIZED_AUTOS = YES_AGGRESSIVE;
				GCC_WARN_UNUSED_FUNCTION = YES;
				GCC_WARN_UNUSED_VARIABLE = YES;
				IPHONEOS_DEPLOYMENT_TARGET = 15.2;
				MTL_ENABLE_DEBUG_INFO = INCLUDE_SOURCE;
				MTL_FAST_MATH = YES;
				ONLY_ACTIVE_ARCH = YES;
				SDKROOT = iphoneos;
				SWIFT_ACTIVE_COMPILATION_CONDITIONS = DEBUG;
				SWIFT_OPTIMIZATION_LEVEL = "-Onone";
			};
			name = Debug;
		};
		80367AEB2788E6D70092AE27 /* Release */ = {
			isa = XCBuildConfiguration;
			buildSettings = {
				ALWAYS_SEARCH_USER_PATHS = NO;
				CLANG_ANALYZER_NONNULL = YES;
				CLANG_ANALYZER_NUMBER_OBJECT_CONVERSION = YES_AGGRESSIVE;
				CLANG_CXX_LANGUAGE_STANDARD = "gnu++17";
				CLANG_CXX_LIBRARY = "libc++";
				CLANG_ENABLE_MODULES = YES;
				CLANG_ENABLE_OBJC_ARC = YES;
				CLANG_ENABLE_OBJC_WEAK = YES;
				CLANG_WARN_BLOCK_CAPTURE_AUTORELEASING = YES;
				CLANG_WARN_BOOL_CONVERSION = YES;
				CLANG_WARN_COMMA = YES;
				CLANG_WARN_CONSTANT_CONVERSION = YES;
				CLANG_WARN_DEPRECATED_OBJC_IMPLEMENTATIONS = YES;
				CLANG_WARN_DIRECT_OBJC_ISA_USAGE = YES_ERROR;
				CLANG_WARN_DOCUMENTATION_COMMENTS = YES;
				CLANG_WARN_EMPTY_BODY = YES;
				CLANG_WARN_ENUM_CONVERSION = YES;
				CLANG_WARN_INFINITE_RECURSION = YES;
				CLANG_WARN_INT_CONVERSION = YES;
				CLANG_WARN_NON_LITERAL_NULL_CONVERSION = YES;
				CLANG_WARN_OBJC_IMPLICIT_RETAIN_SELF = YES;
				CLANG_WARN_OBJC_LITERAL_CONVERSION = YES;
				CLANG_WARN_OBJC_ROOT_CLASS = YES_ERROR;
				CLANG_WARN_QUOTED_INCLUDE_IN_FRAMEWORK_HEADER = YES;
				CLANG_WARN_RANGE_LOOP_ANALYSIS = YES;
				CLANG_WARN_STRICT_PROTOTYPES = YES;
				CLANG_WARN_SUSPICIOUS_MOVE = YES;
				CLANG_WARN_UNGUARDED_AVAILABILITY = YES_AGGRESSIVE;
				CLANG_WARN_UNREACHABLE_CODE = YES;
				CLANG_WARN__DUPLICATE_METHOD_MATCH = YES;
				COPY_PHASE_STRIP = NO;
				DEBUG_INFORMATION_FORMAT = "dwarf-with-dsym";
				ENABLE_NS_ASSERTIONS = NO;
				ENABLE_STRICT_OBJC_MSGSEND = YES;
				GCC_C_LANGUAGE_STANDARD = gnu11;
				GCC_NO_COMMON_BLOCKS = YES;
				GCC_WARN_64_TO_32_BIT_CONVERSION = YES;
				GCC_WARN_ABOUT_RETURN_TYPE = YES_ERROR;
				GCC_WARN_UNDECLARED_SELECTOR = YES;
				GCC_WARN_UNINITIALIZED_AUTOS = YES_AGGRESSIVE;
				GCC_WARN_UNUSED_FUNCTION = YES;
				GCC_WARN_UNUSED_VARIABLE = YES;
				IPHONEOS_DEPLOYMENT_TARGET = 15.2;
				MTL_ENABLE_DEBUG_INFO = NO;
				MTL_FAST_MATH = YES;
				SDKROOT = iphoneos;
				SWIFT_COMPILATION_MODE = wholemodule;
				SWIFT_OPTIMIZATION_LEVEL = "-O";
				VALIDATE_PRODUCT = YES;
			};
			name = Release;
		};
		80367AED2788E6D70092AE27 /* Debug */ = {
			isa = XCBuildConfiguration;
			buildSettings = {
				ASSETCATALOG_COMPILER_APPICON_NAME = AppIcon;
				ASSETCATALOG_COMPILER_GLOBAL_ACCENT_COLOR_NAME = AccentColor;
				CODE_SIGN_STYLE = Automatic;
				CURRENT_PROJECT_VERSION = 104.420;
				DEVELOPMENT_ASSET_PATHS = "\"ClassForAllDevices/Resources/Preview Content\"";
				DEVELOPMENT_TEAM = 879U287R5Q;
				ENABLE_PREVIEWS = YES;
				GENERATE_INFOPLIST_FILE = YES;
				INFOPLIST_FILE = ClassForAllDevices/Info.plist;
				INFOPLIST_KEY_CFBundleDisplayName = "Size Screen";
				INFOPLIST_KEY_UIApplicationSceneManifest_Generation = YES;
				INFOPLIST_KEY_UIApplicationSupportsIndirectInputEvents = YES;
				INFOPLIST_KEY_UILaunchScreen_Generation = YES;
				INFOPLIST_KEY_UIRequiresFullScreen = YES;
				INFOPLIST_KEY_UISupportedInterfaceOrientations = "UIInterfaceOrientationPortrait UIInterfaceOrientationPortraitUpsideDown UIInterfaceOrientationLandscapeLeft UIInterfaceOrientationLandscapeRight";
				INFOPLIST_KEY_UISupportedInterfaceOrientations_iPad = "UIInterfaceOrientationPortrait UIInterfaceOrientationPortraitUpsideDown UIInterfaceOrientationLandscapeLeft UIInterfaceOrientationLandscapeRight";
				INFOPLIST_KEY_UISupportedInterfaceOrientations_iPhone = "UIInterfaceOrientationPortrait UIInterfaceOrientationPortraitUpsideDown";
				LD_RUNPATH_SEARCH_PATHS = (
					"$(inherited)",
					"@executable_path/Frameworks",
				);
				MARKETING_VERSION = 1.0;
				PRODUCT_BUNDLE_IDENTIFIER = ihValery.ClassForAllDevices;
				PRODUCT_NAME = "$(TARGET_NAME)";
				SWIFT_EMIT_LOC_STRINGS = YES;
				SWIFT_VERSION = 5.0;
				TARGETED_DEVICE_FAMILY = "1,2";
			};
			name = Debug;
		};
		80367AEE2788E6D70092AE27 /* Release */ = {
			isa = XCBuildConfiguration;
			buildSettings = {
				ASSETCATALOG_COMPILER_APPICON_NAME = AppIcon;
				ASSETCATALOG_COMPILER_GLOBAL_ACCENT_COLOR_NAME = AccentColor;
				CODE_SIGN_STYLE = Automatic;
				CURRENT_PROJECT_VERSION = 104.420;
				DEVELOPMENT_ASSET_PATHS = "\"ClassForAllDevices/Resources/Preview Content\"";
				DEVELOPMENT_TEAM = 879U287R5Q;
				ENABLE_PREVIEWS = YES;
				GENERATE_INFOPLIST_FILE = YES;
				INFOPLIST_FILE = ClassForAllDevices/Info.plist;
				INFOPLIST_KEY_CFBundleDisplayName = "Size Screen";
				INFOPLIST_KEY_UIApplicationSceneManifest_Generation = YES;
				INFOPLIST_KEY_UIApplicationSupportsIndirectInputEvents = YES;
				INFOPLIST_KEY_UILaunchScreen_Generation = YES;
				INFOPLIST_KEY_UIRequiresFullScreen = YES;
				INFOPLIST_KEY_UISupportedInterfaceOrientations = "UIInterfaceOrientationPortrait UIInterfaceOrientationPortraitUpsideDown UIInterfaceOrientationLandscapeLeft UIInterfaceOrientationLandscapeRight";
				INFOPLIST_KEY_UISupportedInterfaceOrientations_iPad = "UIInterfaceOrientationPortrait UIInterfaceOrientationPortraitUpsideDown UIInterfaceOrientationLandscapeLeft UIInterfaceOrientationLandscapeRight";
				INFOPLIST_KEY_UISupportedInterfaceOrientations_iPhone = "UIInterfaceOrientationPortrait UIInterfaceOrientationPortraitUpsideDown";
				LD_RUNPATH_SEARCH_PATHS = (
					"$(inherited)",
					"@executable_path/Frameworks",
				);
				MARKETING_VERSION = 1.0;
				PRODUCT_BUNDLE_IDENTIFIER = ihValery.ClassForAllDevices;
				PRODUCT_NAME = "$(TARGET_NAME)";
				SWIFT_EMIT_LOC_STRINGS = YES;
				SWIFT_VERSION = 5.0;
				TARGETED_DEVICE_FAMILY = "1,2";
			};
			name = Release;
		};
/* End XCBuildConfiguration section */

/* Begin XCConfigurationList section */
		80367AD92788E6D30092AE27 /* Build configuration list for PBXProject "ClassForAllDevices" */ = {
			isa = XCConfigurationList;
			buildConfigurations = (
				80367AEA2788E6D70092AE27 /* Debug */,
				80367AEB2788E6D70092AE27 /* Release */,
			);
			defaultConfigurationIsVisible = 0;
			defaultConfigurationName = Release;
		};
		80367AEC2788E6D70092AE27 /* Build configuration list for PBXNativeTarget "ClassForAllDevices" */ = {
			isa = XCConfigurationList;
			buildConfigurations = (
				80367AED2788E6D70092AE27 /* Debug */,
				80367AEE2788E6D70092AE27 /* Release */,
			);
			defaultConfigurationIsVisible = 0;
			defaultConfigurationName = Release;
		};
/* End XCConfigurationList section */
	};
	rootObject = 80367AD62788E6D30092AE27 /* Project object */;
}
